
Microsoft Visual Studio Solution File, Format Version 12.00
# Visual Studio Version 17
VisualStudioVersion = 17.5.33502.453
MinimumVisualStudioVersion = 10.0.40219.1
Project("{8BC9CEB8-8B4A-11D0-8D11-00A0C91BC942}") = "0-1背包问题", "0-1背包问题.vcxproj", "{304197C6-96B1-425D-A6A4-9BCB60B827DA}"
EndProject
Global
	GlobalSection(SolutionConfigurationPlatforms) = preSolution
		Debug|x64 = Debug|x64
		Debug|x86 = Debug|x86
		Release|x64 = Release|x64
		Release|x86 = Release|x86
	EndGlobalSection
	GlobalSection(ProjectConfigurationPlatforms) = postSolution
		{304197C6-96B1-425D-A6A4-9BCB60B827DA}.Debug|x64.ActiveCfg = Debug|x64
		{304197C6-96B1-425D-A6A4-9BCB60B827DA}.Debug|x64.Build.0 = Debug|x64
		{304197C6-96B1-425D-A6A4-9BCB60B827DA}.Debug|x86.ActiveCfg = Debug|Win32
		{304197C6-96B1-425D-A6A4-9BCB60B827DA}.Debug|x86.Build.0 = Debug|Win32
		{304197C6-96B1-425D-A6A4-9BCB60B827DA}.Release|x64.ActiveCfg = Release|x64
		{304197C6-96B1-425D-A6A4-9BCB60B827DA}.Release|x64.Build.0 = Release|x64
		{304197C6-96B1-425D-A6A4-9BCB60B827DA}.Release|x86.ActiveCfg = Release|Win32
		{304197C6-96B1-425D-A6A4-9BCB60B827DA}.Release|x86.Build.0 = Release|Win32
	EndGlobalSection
	GlobalSection(SolutionProperties) = preSolution
		HideSolutionNode = FALSE
	EndGlobalSection
	GlobalSection(ExtensibilityGlobals) = postSolution
		SolutionGuid = {F0124ECF-6FC7-4D62-B068-80D661D53B4F}
	EndGlobalSection
EndGlobal
