
Microsoft Visual Studio Solution File, Format Version 12.00
# Visual Studio Version 17
VisualStudioVersion = 17.5.33502.453
MinimumVisualStudioVersion = 10.0.40219.1
Project("{8BC9CEB8-8B4A-11D0-8D11-00A0C91BC942}") = "0-1背包问题", "0-1背包问题.vcxproj", "{2A8736AD-AC8A-4EA9-A4D0-95054796B434}"
EndProject
Global
	GlobalSection(SolutionConfigurationPlatforms) = preSolution
		Debug|x64 = Debug|x64
		Debug|x86 = Debug|x86
		Release|x64 = Release|x64
		Release|x86 = Release|x86
	EndGlobalSection
	GlobalSection(ProjectConfigurationPlatforms) = postSolution
		{2A8736AD-AC8A-4EA9-A4D0-95054796B434}.Debug|x64.ActiveCfg = Debug|x64
		{2A8736AD-AC8A-4EA9-A4D0-95054796B434}.Debug|x64.Build.0 = Debug|x64
		{2A8736AD-AC8A-4EA9-A4D0-95054796B434}.Debug|x86.ActiveCfg = Debug|Win32
		{2A8736AD-AC8A-4EA9-A4D0-95054796B434}.Debug|x86.Build.0 = Debug|Win32
		{2A8736AD-AC8A-4EA9-A4D0-95054796B434}.Release|x64.ActiveCfg = Release|x64
		{2A8736AD-AC8A-4EA9-A4D0-95054796B434}.Release|x64.Build.0 = Release|x64
		{2A8736AD-AC8A-4EA9-A4D0-95054796B434}.Release|x86.ActiveCfg = Release|Win32
		{2A8736AD-AC8A-4EA9-A4D0-95054796B434}.Release|x86.Build.0 = Release|Win32
	EndGlobalSection
	GlobalSection(SolutionProperties) = preSolution
		HideSolutionNode = FALSE
	EndGlobalSection
	GlobalSection(ExtensibilityGlobals) = postSolution
		SolutionGuid = {CE41AF27-C81C-41CA-BE4D-CAE7D0FE1B5B}
	EndGlobalSection
EndGlobal
