
Microsoft Visual Studio Solution File, Format Version 12.00
# Visual Studio Version 17
VisualStudioVersion = 17.5.33502.453
MinimumVisualStudioVersion = 10.0.40219.1
Project("{8BC9CEB8-8B4A-11D0-8D11-00A0C91BC942}") = "subsumption sort(battle to top)", "subsumption sort(battle to top).vcxproj", "{11519493-512C-4040-8E4C-3F40020EBD67}"
EndProject
Global
	GlobalSection(SolutionConfigurationPlatforms) = preSolution
		Debug|x64 = Debug|x64
		Debug|x86 = Debug|x86
		Release|x64 = Release|x64
		Release|x86 = Release|x86
	EndGlobalSection
	GlobalSection(ProjectConfigurationPlatforms) = postSolution
		{11519493-512C-4040-8E4C-3F40020EBD67}.Debug|x64.ActiveCfg = Debug|x64
		{11519493-512C-4040-8E4C-3F40020EBD67}.Debug|x64.Build.0 = Debug|x64
		{11519493-512C-4040-8E4C-3F40020EBD67}.Debug|x86.ActiveCfg = Debug|Win32
		{11519493-512C-4040-8E4C-3F40020EBD67}.Debug|x86.Build.0 = Debug|Win32
		{11519493-512C-4040-8E4C-3F40020EBD67}.Release|x64.ActiveCfg = Release|x64
		{11519493-512C-4040-8E4C-3F40020EBD67}.Release|x64.Build.0 = Release|x64
		{11519493-512C-4040-8E4C-3F40020EBD67}.Release|x86.ActiveCfg = Release|Win32
		{11519493-512C-4040-8E4C-3F40020EBD67}.Release|x86.Build.0 = Release|Win32
	EndGlobalSection
	GlobalSection(SolutionProperties) = preSolution
		HideSolutionNode = FALSE
	EndGlobalSection
	GlobalSection(ExtensibilityGlobals) = postSolution
		SolutionGuid = {BD2D9C4B-8888-4948-8DFC-77FFC729B248}
	EndGlobalSection
EndGlobal
