
Microsoft Visual Studio Solution File, Format Version 12.00
# Visual Studio Version 17
VisualStudioVersion = 17.5.33502.453
MinimumVisualStudioVersion = 10.0.40219.1
Project("{8BC9CEB8-8B4A-11D0-8D11-00A0C91BC942}") = "8.7 求解编辑距离问题", "8.7 求解编辑距离问题.vcxproj", "{7DB1F1D4-4344-4D37-A6DC-BE23A67A3C43}"
EndProject
Global
	GlobalSection(SolutionConfigurationPlatforms) = preSolution
		Debug|x64 = Debug|x64
		Debug|x86 = Debug|x86
		Release|x64 = Release|x64
		Release|x86 = Release|x86
	EndGlobalSection
	GlobalSection(ProjectConfigurationPlatforms) = postSolution
		{7DB1F1D4-4344-4D37-A6DC-BE23A67A3C43}.Debug|x64.ActiveCfg = Debug|x64
		{7DB1F1D4-4344-4D37-A6DC-BE23A67A3C43}.Debug|x64.Build.0 = Debug|x64
		{7DB1F1D4-4344-4D37-A6DC-BE23A67A3C43}.Debug|x86.ActiveCfg = Debug|Win32
		{7DB1F1D4-4344-4D37-A6DC-BE23A67A3C43}.Debug|x86.Build.0 = Debug|Win32
		{7DB1F1D4-4344-4D37-A6DC-BE23A67A3C43}.Release|x64.ActiveCfg = Release|x64
		{7DB1F1D4-4344-4D37-A6DC-BE23A67A3C43}.Release|x64.Build.0 = Release|x64
		{7DB1F1D4-4344-4D37-A6DC-BE23A67A3C43}.Release|x86.ActiveCfg = Release|Win32
		{7DB1F1D4-4344-4D37-A6DC-BE23A67A3C43}.Release|x86.Build.0 = Release|Win32
	EndGlobalSection
	GlobalSection(SolutionProperties) = preSolution
		HideSolutionNode = FALSE
	EndGlobalSection
	GlobalSection(ExtensibilityGlobals) = postSolution
		SolutionGuid = {15AD5F78-3BA2-41AF-8591-25A1EDA897F0}
	EndGlobalSection
EndGlobal
